
Microsoft Visual Studio Solution File, Format Version 12.00
# Visual Studio 15
VisualStudioVersion = 15.0.28010.2016
MinimumVisualStudioVersion = 10.0.40219.1
Project("{FAE04EC0-301F-11D3-BF4B-00C04F79EFBC}") = "MoviesRentalApp", "MoviesRentalApp\MoviesRentalApp.csproj", "{FED14747-C9F2-4C2D-A11E-8054FAEA87E7}"
EndProject
Global
	GlobalSection(SolutionConfigurationPlatforms) = preSolution
		Debug|Any CPU = Debug|Any CPU
		Release|Any CPU = Release|Any CPU
	EndGlobalSection
	GlobalSection(ProjectConfigurationPlatforms) = postSolution
		{FED14747-C9F2-4C2D-A11E-8054FAEA87E7}.Debug|Any CPU.ActiveCfg = Debug|Any CPU
		{FED14747-C9F2-4C2D-A11E-8054FAEA87E7}.Debug|Any CPU.Build.0 = Debug|Any CPU
		{FED14747-C9F2-4C2D-A11E-8054FAEA87E7}.Release|Any CPU.ActiveCfg = Release|Any CPU
		{FED14747-C9F2-4C2D-A11E-8054FAEA87E7}.Release|Any CPU.Build.0 = Release|Any CPU
	EndGlobalSection
	GlobalSection(SolutionProperties) = preSolution
		HideSolutionNode = FALSE
	EndGlobalSection
	GlobalSection(ExtensibilityGlobals) = postSolution
		SolutionGuid = {9CCFF568-0E30-4B72-9BE9-4696368E512C}
	EndGlobalSection
EndGlobal
